// !$*UTF8*$!
{
	archiveVersion = 1;
	classes = {
	};
	objectVersion = 46;
	objects = {

/* Begin PBXBuildFile section */
		329E249DFFA38EC9497214A8 /* Pods_Congress_SearchTests.framework in Frameworks */ = {isa = PBXBuildFile; fileRef = 149761112C9B032D1B63108B /* Pods_Congress_SearchTests.framework */; };
		79D5D5D1E16F9A299ABEAB30 /* Pods_Congress_Search.framework in Frameworks */ = {isa = PBXBuildFile; fileRef = 06716A5944CA378C7F2720D1 /* Pods_Congress_Search.framework */; };
		842E6FD31DED24D90075A3D3 /* HouseDetailsViewController.swift in Sources */ = {isa = PBXBuildFile; fileRef = 842E6FD21DED24D90075A3D3 /* HouseDetailsViewController.swift */; };
		842E6FD51DED24EA0075A3D3 /* SenateDetailsViewController.swift in Sources */ = {isa = PBXBuildFile; fileRef = 842E6FD41DED24EA0075A3D3 /* SenateDetailsViewController.swift */; };
		84752E001DE98C1F00C388B8 /* Notification.swift in Sources */ = {isa = PBXBuildFile; fileRef = 84752DFF1DE98C1F00C388B8 /* Notification.swift */; };
		84752E021DEA498100C388B8 /* ThirdViewController.swift in Sources */ = {isa = PBXBuildFile; fileRef = 84752E011DEA498100C388B8 /* ThirdViewController.swift */; };
		84752E061DEBE44600C388B8 /* UIImageView+stuff.swift in Sources */ = {isa = PBXBuildFile; fileRef = 84752E051DEBE44600C388B8 /* UIImageView+stuff.swift */; };
		84752E081DECBB3500C388B8 /* StateDetailsViewController.swift in Sources */ = {isa = PBXBuildFile; fileRef = 84752E071DECBB3500C388B8 /* StateDetailsViewController.swift */; };
		848099721DED79AD001EBC43 /* String+stuff.swift in Sources */ = {isa = PBXBuildFile; fileRef = 848099711DED79AD001EBC43 /* String+stuff.swift */; };
		848099741DEE2426001EBC43 /* LegTabBarController.swift in Sources */ = {isa = PBXBuildFile; fileRef = 848099731DEE2426001EBC43 /* LegTabBarController.swift */; };
		848099761DEE279E001EBC43 /* LeftMenu.swift in Sources */ = {isa = PBXBuildFile; fileRef = 848099751DEE279E001EBC43 /* LeftMenu.swift */; };
		848099781DEE361D001EBC43 /* MenuController.swift in Sources */ = {isa = PBXBuildFile; fileRef = 848099771DEE361D001EBC43 /* MenuController.swift */; };
		8480997B1DEE59E5001EBC43 /* MenuController.swift in Sources */ = {isa = PBXBuildFile; fileRef = 848099771DEE361D001EBC43 /* MenuController.swift */; };
		8480997D1DEE6982001EBC43 /* AboutController.swift in Sources */ = {isa = PBXBuildFile; fileRef = 8480997C1DEE6982001EBC43 /* AboutController.swift */; };
		8480997F1DEE72C7001EBC43 /* BillTabBarController.swift in Sources */ = {isa = PBXBuildFile; fileRef = 8480997E1DEE72C7001EBC43 /* BillTabBarController.swift */; };
		848099811DEE7516001EBC43 /* CommTabBarController.swift in Sources */ = {isa = PBXBuildFile; fileRef = 848099801DEE7516001EBC43 /* CommTabBarController.swift */; };
		848099861DEE91F1001EBC43 /* ActiveBillsController.swift in Sources */ = {isa = PBXBuildFile; fileRef = 848099851DEE91F1001EBC43 /* ActiveBillsController.swift */; };
		848099881DEE91FE001EBC43 /* NewBillsController.swift in Sources */ = {isa = PBXBuildFile; fileRef = 848099871DEE91FE001EBC43 /* NewBillsController.swift */; };
		8480998A1DEE9605001EBC43 /* MyCustomTableViewCell.swift in Sources */ = {isa = PBXBuildFile; fileRef = 848099891DEE9605001EBC43 /* MyCustomTableViewCell.swift */; };
		8480998E1DEE9F3D001EBC43 /* MyCustomNewTableViewCell.swift in Sources */ = {isa = PBXBuildFile; fileRef = 8480998D1DEE9F3D001EBC43 /* MyCustomNewTableViewCell.swift */; };
		848099931DEEA2D7001EBC43 /* ActiveDetailsViewController.swift in Sources */ = {isa = PBXBuildFile; fileRef = 848099921DEEA2D7001EBC43 /* ActiveDetailsViewController.swift */; };
		848099951DEEA2F7001EBC43 /* NewDetailsViewController.swift in Sources */ = {isa = PBXBuildFile; fileRef = 848099941DEEA2F7001EBC43 /* NewDetailsViewController.swift */; };
		84C2211A1DE8E9DC000090C6 /* model.swift in Sources */ = {isa = PBXBuildFile; fileRef = 84C221191DE8E9DC000090C6 /* model.swift */; };
		84F369C11DE696D000D6C0E3 /* AppDelegate.swift in Sources */ = {isa = PBXBuildFile; fileRef = 84F369C01DE696D000D6C0E3 /* AppDelegate.swift */; };
		84F369C31DE696D000D6C0E3 /* FirstViewController.swift in Sources */ = {isa = PBXBuildFile; fileRef = 84F369C21DE696D000D6C0E3 /* FirstViewController.swift */; };
		84F369C51DE696D000D6C0E3 /* SecondViewController.swift in Sources */ = {isa = PBXBuildFile; fileRef = 84F369C41DE696D000D6C0E3 /* SecondViewController.swift */; };
		84F369C81DE696D000D6C0E3 /* Main.storyboard in Resources */ = {isa = PBXBuildFile; fileRef = 84F369C61DE696D000D6C0E3 /* Main.storyboard */; };
		84F369CA1DE696D000D6C0E3 /* Assets.xcassets in Resources */ = {isa = PBXBuildFile; fileRef = 84F369C91DE696D000D6C0E3 /* Assets.xcassets */; };
		84F369CD1DE696D000D6C0E3 /* LaunchScreen.storyboard in Resources */ = {isa = PBXBuildFile; fileRef = 84F369CB1DE696D000D6C0E3 /* LaunchScreen.storyboard */; };
		84F369D81DE696D000D6C0E3 /* Congress_SearchTests.swift in Sources */ = {isa = PBXBuildFile; fileRef = 84F369D71DE696D000D6C0E3 /* Congress_SearchTests.swift */; };
		84F369E31DE696D000D6C0E3 /* Congress_SearchUITests.swift in Sources */ = {isa = PBXBuildFile; fileRef = 84F369E21DE696D000D6C0E3 /* Congress_SearchUITests.swift */; };
		9DBB88E450416E641C23A7BA /* Pods_Congress_SearchUITests.framework in Frameworks */ = {isa = PBXBuildFile; fileRef = C82CD51E2ABC8B7B352B5677 /* Pods_Congress_SearchUITests.framework */; };
/* End PBXBuildFile section */

/* Begin PBXContainerItemProxy section */
		84F369D41DE696D000D6C0E3 /* PBXContainerItemProxy */ = {
			isa = PBXContainerItemProxy;
			containerPortal = 84F369B51DE696D000D6C0E3 /* Project object */;
			proxyType = 1;
			remoteGlobalIDString = 84F369BC1DE696D000D6C0E3;
			remoteInfo = "Congress Search";
		};
		84F369DF1DE696D000D6C0E3 /* PBXContainerItemProxy */ = {
			isa = PBXContainerItemProxy;
			containerPortal = 84F369B51DE696D000D6C0E3 /* Project object */;
			proxyType = 1;
			remoteGlobalIDString = 84F369BC1DE696D000D6C0E3;
			remoteInfo = "Congress Search";
		};
/* End PBXContainerItemProxy section */

/* Begin PBXFileReference section */
		06716A5944CA378C7F2720D1 /* Pods_Congress_Search.framework */ = {isa = PBXFileReference; explicitFileType = wrapper.framework; includeInIndex = 0; path = Pods_Congress_Search.framework; sourceTree = BUILT_PRODUCTS_DIR; };
		0873739DC17DF9A15D6AB7CA /* Pods-Congress SearchUITests.debug.xcconfig */ = {isa = PBXFileReference; includeInIndex = 1; lastKnownFileType = text.xcconfig; name = "Pods-Congress SearchUITests.debug.xcconfig"; path = "Pods/Target Support Files/Pods-Congress SearchUITests/Pods-Congress SearchUITests.debug.xcconfig"; sourceTree = "<group>"; };
		1188C2B998DE989CB09521BF /* Pods-Congress Search.debug.xcconfig */ = {isa = PBXFileReference; includeInIndex = 1; lastKnownFileType = text.xcconfig; name = "Pods-Congress Search.debug.xcconfig"; path = "Pods/Target Support Files/Pods-Congress Search/Pods-Congress Search.debug.xcconfig"; sourceTree = "<group>"; };
		149761112C9B032D1B63108B /* Pods_Congress_SearchTests.framework */ = {isa = PBXFileReference; explicitFileType = wrapper.framework; includeInIndex = 0; path = Pods_Congress_SearchTests.framework; sourceTree = BUILT_PRODUCTS_DIR; };
		4056EF85D30F9966A579896D /* Pods-Congress SearchTests.debug.xcconfig */ = {isa = PBXFileReference; includeInIndex = 1; lastKnownFileType = text.xcconfig; name = "Pods-Congress SearchTests.debug.xcconfig"; path = "Pods/Target Support Files/Pods-Congress SearchTests/Pods-Congress SearchTests.debug.xcconfig"; sourceTree = "<group>"; };
		69DAAF624A3C8818BDDEA8C0 /* Pods-Congress Search.release.xcconfig */ = {isa = PBXFileReference; includeInIndex = 1; lastKnownFileType = text.xcconfig; name = "Pods-Congress Search.release.xcconfig"; path = "Pods/Target Support Files/Pods-Congress Search/Pods-Congress Search.release.xcconfig"; sourceTree = "<group>"; };
		842E6FD21DED24D90075A3D3 /* HouseDetailsViewController.swift */ = {isa = PBXFileReference; fileEncoding = 4; lastKnownFileType = sourcecode.swift; path = HouseDetailsViewController.swift; sourceTree = "<group>"; };
		842E6FD41DED24EA0075A3D3 /* SenateDetailsViewController.swift */ = {isa = PBXFileReference; fileEncoding = 4; lastKnownFileType = sourcecode.swift; path = SenateDetailsViewController.swift; sourceTree = "<group>"; };
		84752DFF1DE98C1F00C388B8 /* Notification.swift */ = {isa = PBXFileReference; fileEncoding = 4; lastKnownFileType = sourcecode.swift; path = Notification.swift; sourceTree = "<group>"; };
		84752E011DEA498100C388B8 /* ThirdViewController.swift */ = {isa = PBXFileReference; fileEncoding = 4; lastKnownFileType = sourcecode.swift; path = ThirdViewController.swift; sourceTree = "<group>"; };
		84752E051DEBE44600C388B8 /* UIImageView+stuff.swift */ = {isa = PBXFileReference; fileEncoding = 4; lastKnownFileType = sourcecode.swift; path = "UIImageView+stuff.swift"; sourceTree = "<group>"; };
		84752E071DECBB3500C388B8 /* StateDetailsViewController.swift */ = {isa = PBXFileReference; fileEncoding = 4; lastKnownFileType = sourcecode.swift; path = StateDetailsViewController.swift; sourceTree = "<group>"; };
		848099711DED79AD001EBC43 /* String+stuff.swift */ = {isa = PBXFileReference; fileEncoding = 4; lastKnownFileType = sourcecode.swift; path = "String+stuff.swift"; sourceTree = "<group>"; };
		848099731DEE2426001EBC43 /* LegTabBarController.swift */ = {isa = PBXFileReference; fileEncoding = 4; lastKnownFileType = sourcecode.swift; path = LegTabBarController.swift; sourceTree = "<group>"; };
		848099751DEE279E001EBC43 /* LeftMenu.swift */ = {isa = PBXFileReference; fileEncoding = 4; lastKnownFileType = sourcecode.swift; path = LeftMenu.swift; sourceTree = "<group>"; };
		848099771DEE361D001EBC43 /* MenuController.swift */ = {isa = PBXFileReference; fileEncoding = 4; lastKnownFileType = sourcecode.swift; path = MenuController.swift; sourceTree = "<group>"; };
		8480997C1DEE6982001EBC43 /* AboutController.swift */ = {isa = PBXFileReference; fileEncoding = 4; lastKnownFileType = sourcecode.swift; path = AboutController.swift; sourceTree = "<group>"; };
		8480997E1DEE72C7001EBC43 /* BillTabBarController.swift */ = {isa = PBXFileReference; fileEncoding = 4; lastKnownFileType = sourcecode.swift; path = BillTabBarController.swift; sourceTree = "<group>"; };
		848099801DEE7516001EBC43 /* CommTabBarController.swift */ = {isa = PBXFileReference; fileEncoding = 4; lastKnownFileType = sourcecode.swift; path = CommTabBarController.swift; sourceTree = "<group>"; };
		848099851DEE91F1001EBC43 /* ActiveBillsController.swift */ = {isa = PBXFileReference; fileEncoding = 4; lastKnownFileType = sourcecode.swift; path = ActiveBillsController.swift; sourceTree = "<group>"; };
		848099871DEE91FE001EBC43 /* NewBillsController.swift */ = {isa = PBXFileReference; fileEncoding = 4; lastKnownFileType = sourcecode.swift; path = NewBillsController.swift; sourceTree = "<group>"; };
		848099891DEE9605001EBC43 /* MyCustomTableViewCell.swift */ = {isa = PBXFileReference; fileEncoding = 4; lastKnownFileType = sourcecode.swift; path = MyCustomTableViewCell.swift; sourceTree = "<group>"; };
		8480998D1DEE9F3D001EBC43 /* MyCustomNewTableViewCell.swift */ = {isa = PBXFileReference; fileEncoding = 4; lastKnownFileType = sourcecode.swift; path = MyCustomNewTableViewCell.swift; sourceTree = "<group>"; };
		848099921DEEA2D7001EBC43 /* ActiveDetailsViewController.swift */ = {isa = PBXFileReference; fileEncoding = 4; lastKnownFileType = sourcecode.swift; path = ActiveDetailsViewController.swift; sourceTree = "<group>"; };
		848099941DEEA2F7001EBC43 /* NewDetailsViewController.swift */ = {isa = PBXFileReference; fileEncoding = 4; lastKnownFileType = sourcecode.swift; path = NewDetailsViewController.swift; sourceTree = "<group>"; };
		84C221191DE8E9DC000090C6 /* model.swift */ = {isa = PBXFileReference; fileEncoding = 4; lastKnownFileType = sourcecode.swift; path = model.swift; sourceTree = "<group>"; };
		84F369BD1DE696D000D6C0E3 /* Congress Search.app */ = {isa = PBXFileReference; explicitFileType = wrapper.application; includeInIndex = 0; path = "Congress Search.app"; sourceTree = BUILT_PRODUCTS_DIR; };
		84F369C01DE696D000D6C0E3 /* AppDelegate.swift */ = {isa = PBXFileReference; lastKnownFileType = sourcecode.swift; path = AppDelegate.swift; sourceTree = "<group>"; };
		84F369C21DE696D000D6C0E3 /* FirstViewController.swift */ = {isa = PBXFileReference; lastKnownFileType = sourcecode.swift; path = FirstViewController.swift; sourceTree = "<group>"; };
		84F369C41DE696D000D6C0E3 /* SecondViewController.swift */ = {isa = PBXFileReference; lastKnownFileType = sourcecode.swift; path = SecondViewController.swift; sourceTree = "<group>"; };
		84F369C71DE696D000D6C0E3 /* Base */ = {isa = PBXFileReference; lastKnownFileType = file.storyboard; name = Base; path = Base.lproj/Main.storyboard; sourceTree = "<group>"; };
		84F369C91DE696D000D6C0E3 /* Assets.xcassets */ = {isa = PBXFileReference; lastKnownFileType = folder.assetcatalog; path = Assets.xcassets; sourceTree = "<group>"; };
		84F369CC1DE696D000D6C0E3 /* Base */ = {isa = PBXFileReference; lastKnownFileType = file.storyboard; name = Base; path = Base.lproj/LaunchScreen.storyboard; sourceTree = "<group>"; };
		84F369CE1DE696D000D6C0E3 /* Info.plist */ = {isa = PBXFileReference; lastKnownFileType = text.plist.xml; path = Info.plist; sourceTree = "<group>"; };
		84F369D31DE696D000D6C0E3 /* Congress SearchTests.xctest */ = {isa = PBXFileReference; explicitFileType = wrapper.cfbundle; includeInIndex = 0; path = "Congress SearchTests.xctest"; sourceTree = BUILT_PRODUCTS_DIR; };
		84F369D71DE696D000D6C0E3 /* Congress_SearchTests.swift */ = {isa = PBXFileReference; lastKnownFileType = sourcecode.swift; path = Congress_SearchTests.swift; sourceTree = "<group>"; };
		84F369D91DE696D000D6C0E3 /* Info.plist */ = {isa = PBXFileReference; lastKnownFileType = text.plist.xml; path = Info.plist; sourceTree = "<group>"; };
		84F369DE1DE696D000D6C0E3 /* Congress SearchUITests.xctest */ = {isa = PBXFileReference; explicitFileType = wrapper.cfbundle; includeInIndex = 0; path = "Congress SearchUITests.xctest"; sourceTree = BUILT_PRODUCTS_DIR; };
		84F369E21DE696D000D6C0E3 /* Congress_SearchUITests.swift */ = {isa = PBXFileReference; lastKnownFileType = sourcecode.swift; path = Congress_SearchUITests.swift; sourceTree = "<group>"; };
		84F369E41DE696D000D6C0E3 /* Info.plist */ = {isa = PBXFileReference; lastKnownFileType = text.plist.xml; path = Info.plist; sourceTree = "<group>"; };
		B8027D0466A6933E7501B377 /* Pods-Congress SearchUITests.release.xcconfig */ = {isa = PBXFileReference; includeInIndex = 1; lastKnownFileType = text.xcconfig; name = "Pods-Congress SearchUITests.release.xcconfig"; path = "Pods/Target Support Files/Pods-Congress SearchUITests/Pods-Congress SearchUITests.release.xcconfig"; sourceTree = "<group>"; };
		C82CD51E2ABC8B7B352B5677 /* Pods_Congress_SearchUITests.framework */ = {isa = PBXFileReference; explicitFileType = wrapper.framework; includeInIndex = 0; path = Pods_Congress_SearchUITests.framework; sourceTree = BUILT_PRODUCTS_DIR; };
		EE086A179F621E873C5B2465 /* Pods-Congress SearchTests.release.xcconfig */ = {isa = PBXFileReference; includeInIndex = 1; lastKnownFileType = text.xcconfig; name = "Pods-Congress SearchTests.release.xcconfig"; path = "Pods/Target Support Files/Pods-Congress SearchTests/Pods-Congress SearchTests.release.xcconfig"; sourceTree = "<group>"; };
/* End PBXFileReference section */

/* Begin PBXFrameworksBuildPhase section */
		84F369BA1DE696D000D6C0E3 /* Frameworks */ = {
			isa = PBXFrameworksBuildPhase;
			buildActionMask = 2147483647;
			files = (
				79D5D5D1E16F9A299ABEAB30 /* Pods_Congress_Search.framework in Frameworks */,
			);
			runOnlyForDeploymentPostprocessing = 0;
		};
		84F369D01DE696D000D6C0E3 /* Frameworks */ = {
			isa = PBXFrameworksBuildPhase;
			buildActionMask = 2147483647;
			files = (
				329E249DFFA38EC9497214A8 /* Pods_Congress_SearchTests.framework in Frameworks */,
			);
			runOnlyForDeploymentPostprocessing = 0;
		};
		84F369DB1DE696D000D6C0E3 /* Frameworks */ = {
			isa = PBXFrameworksBuildPhase;
			buildActionMask = 2147483647;
			files = (
				9DBB88E450416E641C23A7BA /* Pods_Congress_SearchUITests.framework in Frameworks */,
			);
			runOnlyForDeploymentPostprocessing = 0;
		};
/* End PBXFrameworksBuildPhase section */

/* Begin PBXGroup section */
		0A44C7B9A396F26B218A8009 /* Frameworks */ = {
			isa = PBXGroup;
			children = (
				06716A5944CA378C7F2720D1 /* Pods_Congress_Search.framework */,
				149761112C9B032D1B63108B /* Pods_Congress_SearchTests.framework */,
				C82CD51E2ABC8B7B352B5677 /* Pods_Congress_SearchUITests.framework */,
			);
			name = Frameworks;
			sourceTree = "<group>";
		};
		67FDCFA7B2D61E8F0BC73BE5 /* Pods */ = {
			isa = PBXGroup;
			children = (
				1188C2B998DE989CB09521BF /* Pods-Congress Search.debug.xcconfig */,
				69DAAF624A3C8818BDDEA8C0 /* Pods-Congress Search.release.xcconfig */,
				4056EF85D30F9966A579896D /* Pods-Congress SearchTests.debug.xcconfig */,
				EE086A179F621E873C5B2465 /* Pods-Congress SearchTests.release.xcconfig */,
				0873739DC17DF9A15D6AB7CA /* Pods-Congress SearchUITests.debug.xcconfig */,
				B8027D0466A6933E7501B377 /* Pods-Congress SearchUITests.release.xcconfig */,
			);
			name = Pods;
			sourceTree = "<group>";
		};
		848099821DEE9152001EBC43 /* Legislators */ = {
			isa = PBXGroup;
			children = (
				848099731DEE2426001EBC43 /* LegTabBarController.swift */,
				84F369C21DE696D000D6C0E3 /* FirstViewController.swift */,
				84F369C41DE696D000D6C0E3 /* SecondViewController.swift */,
				84752E011DEA498100C388B8 /* ThirdViewController.swift */,
				84752E071DECBB3500C388B8 /* StateDetailsViewController.swift */,
				842E6FD21DED24D90075A3D3 /* HouseDetailsViewController.swift */,
				842E6FD41DED24EA0075A3D3 /* SenateDetailsViewController.swift */,
			);
			name = Legislators;
			sourceTree = "<group>";
		};
		848099831DEE91BB001EBC43 /* Storyboards */ = {
			isa = PBXGroup;
			children = (
				84F369C61DE696D000D6C0E3 /* Main.storyboard */,
				84F369CB1DE696D000D6C0E3 /* LaunchScreen.storyboard */,
			);
			name = Storyboards;
			sourceTree = "<group>";
		};
		848099841DEE91CE001EBC43 /* Extensions */ = {
			isa = PBXGroup;
			children = (
				84752DFF1DE98C1F00C388B8 /* Notification.swift */,
				84752E051DEBE44600C388B8 /* UIImageView+stuff.swift */,
				848099711DED79AD001EBC43 /* String+stuff.swift */,
			);
			name = Extensions;
			sourceTree = "<group>";
		};
		8480998F1DEEA0B6001EBC43 /* Bills */ = {
			isa = PBXGroup;
			children = (
				8480997E1DEE72C7001EBC43 /* BillTabBarController.swift */,
				848099851DEE91F1001EBC43 /* ActiveBillsController.swift */,
				848099871DEE91FE001EBC43 /* NewBillsController.swift */,
				848099891DEE9605001EBC43 /* MyCustomTableViewCell.swift */,
				8480998D1DEE9F3D001EBC43 /* MyCustomNewTableViewCell.swift */,
				848099921DEEA2D7001EBC43 /* ActiveDetailsViewController.swift */,
				848099941DEEA2F7001EBC43 /* NewDetailsViewController.swift */,
			);
			name = Bills;
			sourceTree = "<group>";
		};
		848099901DEEA0E6001EBC43 /* Menu */ = {
			isa = PBXGroup;
			children = (
				848099771DEE361D001EBC43 /* MenuController.swift */,
				848099751DEE279E001EBC43 /* LeftMenu.swift */,
			);
			name = Menu;
			sourceTree = "<group>";
		};
		848099911DEEA102001EBC43 /* Other */ = {
			isa = PBXGroup;
			children = (
				84F369C01DE696D000D6C0E3 /* AppDelegate.swift */,
				84C221191DE8E9DC000090C6 /* model.swift */,
				8480997C1DEE6982001EBC43 /* AboutController.swift */,
				84F369CE1DE696D000D6C0E3 /* Info.plist */,
			);
			name = Other;
			sourceTree = "<group>";
		};
		84F369B41DE696D000D6C0E3 = {
			isa = PBXGroup;
			children = (
				84F369BF1DE696D000D6C0E3 /* Congress Search */,
				84F369D61DE696D000D6C0E3 /* Congress SearchTests */,
				84F369E11DE696D000D6C0E3 /* Congress SearchUITests */,
				84F369BE1DE696D000D6C0E3 /* Products */,
				67FDCFA7B2D61E8F0BC73BE5 /* Pods */,
				0A44C7B9A396F26B218A8009 /* Frameworks */,
			);
			sourceTree = "<group>";
		};
		84F369BE1DE696D000D6C0E3 /* Products */ = {
			isa = PBXGroup;
			children = (
				84F369BD1DE696D000D6C0E3 /* Congress Search.app */,
				84F369D31DE696D000D6C0E3 /* Congress SearchTests.xctest */,
				84F369DE1DE696D000D6C0E3 /* Congress SearchUITests.xctest */,
			);
			name = Products;
			sourceTree = "<group>";
		};
		84F369BF1DE696D000D6C0E3 /* Congress Search */ = {
			isa = PBXGroup;
			children = (
				848099911DEEA102001EBC43 /* Other */,
				848099821DEE9152001EBC43 /* Legislators */,
				8480998F1DEEA0B6001EBC43 /* Bills */,
				848099901DEEA0E6001EBC43 /* Menu */,
				848099831DEE91BB001EBC43 /* Storyboards */,
				848099801DEE7516001EBC43 /* CommTabBarController.swift */,
				848099841DEE91CE001EBC43 /* Extensions */,
				84F369C91DE696D000D6C0E3 /* Assets.xcassets */,
			);
			path = "Congress Search";
			sourceTree = "<group>";
		};
		84F369D61DE696D000D6C0E3 /* Congress SearchTests */ = {
			isa = PBXGroup;
			children = (
				84F369D71DE696D000D6C0E3 /* Congress_SearchTests.swift */,
				84F369D91DE696D000D6C0E3 /* Info.plist */,
			);
			path = "Congress SearchTests";
			sourceTree = "<group>";
		};
		84F369E11DE696D000D6C0E3 /* Congress SearchUITests */ = {
			isa = PBXGroup;
			children = (
				84F369E21DE696D000D6C0E3 /* Congress_SearchUITests.swift */,
				84F369E41DE696D000D6C0E3 /* Info.plist */,
			);
			path = "Congress SearchUITests";
			sourceTree = "<group>";
		};
/* End PBXGroup section */

/* Begin PBXNativeTarget section */
		84F369BC1DE696D000D6C0E3 /* Congress Search */ = {
			isa = PBXNativeTarget;
			buildConfigurationList = 84F369E71DE696D000D6C0E3 /* Build configuration list for PBXNativeTarget "Congress Search" */;
			buildPhases = (
				5E8AA76960BC1200F4B966C2 /* [CP] Check Pods Manifest.lock */,
				84F369B91DE696D000D6C0E3 /* Sources */,
				84F369BA1DE696D000D6C0E3 /* Frameworks */,
				84F369BB1DE696D000D6C0E3 /* Resources */,
				656AB09BE091E9EF78C7ACC9 /* [CP] Embed Pods Frameworks */,
				4EC8FE67B8E1E807B8DDB632 /* [CP] Copy Pods Resources */,
			);
			buildRules = (
			);
			dependencies = (
			);
			name = "Congress Search";
			productName = "Congress Search";
			productReference = 84F369BD1DE696D000D6C0E3 /* Congress Search.app */;
			productType = "com.apple.product-type.application";
		};
		84F369D21DE696D000D6C0E3 /* Congress SearchTests */ = {
			isa = PBXNativeTarget;
			buildConfigurationList = 84F369EA1DE696D000D6C0E3 /* Build configuration list for PBXNativeTarget "Congress SearchTests" */;
			buildPhases = (
				A04B1176F6720BB344CDC5AA /* [CP] Check Pods Manifest.lock */,
				84F369CF1DE696D000D6C0E3 /* Sources */,
				84F369D01DE696D000D6C0E3 /* Frameworks */,
				84F369D11DE696D000D6C0E3 /* Resources */,
				C87F8E1A0FBDF2AA1EBB5D23 /* [CP] Embed Pods Frameworks */,
				0EC1BCF1473CFF4BECFC80FE /* [CP] Copy Pods Resources */,
			);
			buildRules = (
			);
			dependencies = (
				84F369D51DE696D000D6C0E3 /* PBXTargetDependency */,
			);
			name = "Congress SearchTests";
			productName = "Congress SearchTests";
			productReference = 84F369D31DE696D000D6C0E3 /* Congress SearchTests.xctest */;
			productType = "com.apple.product-type.bundle.unit-test";
		};
		84F369DD1DE696D000D6C0E3 /* Congress SearchUITests */ = {
			isa = PBXNativeTarget;
			buildConfigurationList = 84F369ED1DE696D000D6C0E3 /* Build configuration list for PBXNativeTarget "Congress SearchUITests" */;
			buildPhases = (
				C9AC43A5BB06C029FE68450D /* [CP] Check Pods Manifest.lock */,
				84F369DA1DE696D000D6C0E3 /* Sources */,
				84F369DB1DE696D000D6C0E3 /* Frameworks */,
				84F369DC1DE696D000D6C0E3 /* Resources */,
				212BD5CB93BFA625B420D1D6 /* [CP] Embed Pods Frameworks */,
				E87C01FEE27F6AF895CFBF7D /* [CP] Copy Pods Resources */,
			);
			buildRules = (
			);
			dependencies = (
				84F369E01DE696D000D6C0E3 /* PBXTargetDependency */,
			);
			name = "Congress SearchUITests";
			productName = "Congress SearchUITests";
			productReference = 84F369DE1DE696D000D6C0E3 /* Congress SearchUITests.xctest */;
			productType = "com.apple.product-type.bundle.ui-testing";
		};
/* End PBXNativeTarget section */

/* Begin PBXProject section */
		84F369B51DE696D000D6C0E3 /* Project object */ = {
			isa = PBXProject;
			attributes = {
				LastSwiftUpdateCheck = 0810;
				LastUpgradeCheck = 0810;
				ORGANIZATIONNAME = "Anush Kadoyan";
				TargetAttributes = {
					84F369BC1DE696D000D6C0E3 = {
						CreatedOnToolsVersion = 8.1;
						ProvisioningStyle = Automatic;
					};
					84F369D21DE696D000D6C0E3 = {
						CreatedOnToolsVersion = 8.1;
						ProvisioningStyle = Automatic;
						TestTargetID = 84F369BC1DE696D000D6C0E3;
					};
					84F369DD1DE696D000D6C0E3 = {
						CreatedOnToolsVersion = 8.1;
						ProvisioningStyle = Automatic;
						TestTargetID = 84F369BC1DE696D000D6C0E3;
					};
				};
			};
			buildConfigurationList = 84F369B81DE696D000D6C0E3 /* Build configuration list for PBXProject "Congress Search" */;
			compatibilityVersion = "Xcode 3.2";
			developmentRegion = English;
			hasScannedForEncodings = 0;
			knownRegions = (
				en,
				Base,
			);
			mainGroup = 84F369B41DE696D000D6C0E3;
			productRefGroup = 84F369BE1DE696D000D6C0E3 /* Products */;
			projectDirPath = "";
			projectRoot = "";
			targets = (
				84F369BC1DE696D000D6C0E3 /* Congress Search */,
				84F369D21DE696D000D6C0E3 /* Congress SearchTests */,
				84F369DD1DE696D000D6C0E3 /* Congress SearchUITests */,
			);
		};
/* End PBXProject section */

/* Begin PBXResourcesBuildPhase section */
		84F369BB1DE696D000D6C0E3 /* Resources */ = {
			isa = PBXResourcesBuildPhase;
			buildActionMask = 2147483647;
			files = (
				84F369CD1DE696D000D6C0E3 /* LaunchScreen.storyboard in Resources */,
				84F369CA1DE696D000D6C0E3 /* Assets.xcassets in Resources */,
				84F369C81DE696D000D6C0E3 /* Main.storyboard in Resources */,
			);
			runOnlyForDeploymentPostprocessing = 0;
		};
		84F369D11DE696D000D6C0E3 /* Resources */ = {
			isa = PBXResourcesBuildPhase;
			buildActionMask = 2147483647;
			files = (
			);
			runOnlyForDeploymentPostprocessing = 0;
		};
		84F369DC1DE696D000D6C0E3 /* Resources */ = {
			isa = PBXResourcesBuildPhase;
			buildActionMask = 2147483647;
			files = (
			);
			runOnlyForDeploymentPostprocessing = 0;
		};
/* End PBXResourcesBuildPhase section */

/* Begin PBXShellScriptBuildPhase section */
		0EC1BCF1473CFF4BECFC80FE /* [CP] Copy Pods Resources */ = {
			isa = PBXShellScriptBuildPhase;
			buildActionMask = 2147483647;
			files = (
			);
			inputPaths = (
			);
			name = "[CP] Copy Pods Resources";
			outputPaths = (
			);
			runOnlyForDeploymentPostprocessing = 0;
			shellPath = /bin/sh;
			shellScript = "\"${SRCROOT}/Pods/Target Support Files/Pods-Congress SearchTests/Pods-Congress SearchTests-resources.sh\"\n";
			showEnvVarsInLog = 0;
		};
		212BD5CB93BFA625B420D1D6 /* [CP] Embed Pods Frameworks */ = {
			isa = PBXShellScriptBuildPhase;
			buildActionMask = 2147483647;
			files = (
			);
			inputPaths = (
			);
			name = "[CP] Embed Pods Frameworks";
			outputPaths = (
			);
			runOnlyForDeploymentPostprocessing = 0;
			shellPath = /bin/sh;
			shellScript = "\"${SRCROOT}/Pods/Target Support Files/Pods-Congress SearchUITests/Pods-Congress SearchUITests-frameworks.sh\"\n";
			showEnvVarsInLog = 0;
		};
		4EC8FE67B8E1E807B8DDB632 /* [CP] Copy Pods Resources */ = {
			isa = PBXShellScriptBuildPhase;
			buildActionMask = 2147483647;
			files = (
			);
			inputPaths = (
			);
			name = "[CP] Copy Pods Resources";
			outputPaths = (
			);
			runOnlyForDeploymentPostprocessing = 0;
			shellPath = /bin/sh;
			shellScript = "\"${SRCROOT}/Pods/Target Support Files/Pods-Congress Search/Pods-Congress Search-resources.sh\"\n";
			showEnvVarsInLog = 0;
		};
		5E8AA76960BC1200F4B966C2 /* [CP] Check Pods Manifest.lock */ = {
			isa = PBXShellScriptBuildPhase;
			buildActionMask = 2147483647;
			files = (
			);
			inputPaths = (
			);
			name = "[CP] Check Pods Manifest.lock";
			outputPaths = (
			);
			runOnlyForDeploymentPostprocessing = 0;
			shellPath = /bin/sh;
			shellScript = "diff \"${PODS_ROOT}/../Podfile.lock\" \"${PODS_ROOT}/Manifest.lock\" > /dev/null\nif [ $? != 0 ] ; then\n    # print error to STDERR\n    echo \"error: The sandbox is not in sync with the Podfile.lock. Run 'pod install' or update your CocoaPods installation.\" >&2\n    exit 1\nfi\n";
			showEnvVarsInLog = 0;
		};
		656AB09BE091E9EF78C7ACC9 /* [CP] Embed Pods Frameworks */ = {
			isa = PBXShellScriptBuildPhase;
			buildActionMask = 2147483647;
			files = (
			);
			inputPaths = (
			);
			name = "[CP] Embed Pods Frameworks";
			outputPaths = (
			);
			runOnlyForDeploymentPostprocessing = 0;
			shellPath = /bin/sh;
			shellScript = "\"${SRCROOT}/Pods/Target Support Files/Pods-Congress Search/Pods-Congress Search-frameworks.sh\"\n";
			showEnvVarsInLog = 0;
		};
		A04B1176F6720BB344CDC5AA /* [CP] Check Pods Manifest.lock */ = {
			isa = PBXShellScriptBuildPhase;
			buildActionMask = 2147483647;
			files = (
			);
			inputPaths = (
			);
			name = "[CP] Check Pods Manifest.lock";
			outputPaths = (
			);
			runOnlyForDeploymentPostprocessing = 0;
			shellPath = /bin/sh;
			shellScript = "diff \"${PODS_ROOT}/../Podfile.lock\" \"${PODS_ROOT}/Manifest.lock\" > /dev/null\nif [ $? != 0 ] ; then\n    # print error to STDERR\n    echo \"error: The sandbox is not in sync with the Podfile.lock. Run 'pod install' or update your CocoaPods installation.\" >&2\n    exit 1\nfi\n";
			showEnvVarsInLog = 0;
		};
		C87F8E1A0FBDF2AA1EBB5D23 /* [CP] Embed Pods Frameworks */ = {
			isa = PBXShellScriptBuildPhase;
			buildActionMask = 2147483647;
			files = (
			);
			inputPaths = (
			);
			name = "[CP] Embed Pods Frameworks";
			outputPaths = (
			);
			runOnlyForDeploymentPostprocessing = 0;
			shellPath = /bin/sh;
			shellScript = "\"${SRCROOT}/Pods/Target Support Files/Pods-Congress SearchTests/Pods-Congress SearchTests-frameworks.sh\"\n";
			showEnvVarsInLog = 0;
		};
		C9AC43A5BB06C029FE68450D /* [CP] Check Pods Manifest.lock */ = {
			isa = PBXShellScriptBuildPhase;
			buildActionMask = 2147483647;
			files = (
			);
			inputPaths = (
			);
			name = "[CP] Check Pods Manifest.lock";
			outputPaths = (
			);
			runOnlyForDeploymentPostprocessing = 0;
			shellPath = /bin/sh;
			shellScript = "diff \"${PODS_ROOT}/../Podfile.lock\" \"${PODS_ROOT}/Manifest.lock\" > /dev/null\nif [ $? != 0 ] ; then\n    # print error to STDERR\n    echo \"error: The sandbox is not in sync with the Podfile.lock. Run 'pod install' or update your CocoaPods installation.\" >&2\n    exit 1\nfi\n";
			showEnvVarsInLog = 0;
		};
		E87C01FEE27F6AF895CFBF7D /* [CP] Copy Pods Resources */ = {
			isa = PBXShellScriptBuildPhase;
			buildActionMask = 2147483647;
			files = (
			);
			inputPaths = (
			);
			name = "[CP] Copy Pods Resources";
			outputPaths = (
			);
			runOnlyForDeploymentPostprocessing = 0;
			shellPath = /bin/sh;
			shellScript = "\"${SRCROOT}/Pods/Target Support Files/Pods-Congress SearchUITests/Pods-Congress SearchUITests-resources.sh\"\n";
			showEnvVarsInLog = 0;
		};
/* End PBXShellScriptBuildPhase section */

/* Begin PBXSourcesBuildPhase section */
		84F369B91DE696D000D6C0E3 /* Sources */ = {
			isa = PBXSourcesBuildPhase;
			buildActionMask = 2147483647;
			files = (
				848099861DEE91F1001EBC43 /* ActiveBillsController.swift in Sources */,
				8480998E1DEE9F3D001EBC43 /* MyCustomNewTableViewCell.swift in Sources */,
				848099761DEE279E001EBC43 /* LeftMenu.swift in Sources */,
				84F369C51DE696D000D6C0E3 /* SecondViewController.swift in Sources */,
				848099721DED79AD001EBC43 /* String+stuff.swift in Sources */,
				848099811DEE7516001EBC43 /* CommTabBarController.swift in Sources */,
				848099881DEE91FE001EBC43 /* NewBillsController.swift in Sources */,
				84752E001DE98C1F00C388B8 /* Notification.swift in Sources */,
				84752E081DECBB3500C388B8 /* StateDetailsViewController.swift in Sources */,
				848099951DEEA2F7001EBC43 /* NewDetailsViewController.swift in Sources */,
				842E6FD51DED24EA0075A3D3 /* SenateDetailsViewController.swift in Sources */,
				84F369C11DE696D000D6C0E3 /* AppDelegate.swift in Sources */,
				8480998A1DEE9605001EBC43 /* MyCustomTableViewCell.swift in Sources */,
				84F369C31DE696D000D6C0E3 /* FirstViewController.swift in Sources */,
				8480997F1DEE72C7001EBC43 /* BillTabBarController.swift in Sources */,
				848099781DEE361D001EBC43 /* MenuController.swift in Sources */,
				842E6FD31DED24D90075A3D3 /* HouseDetailsViewController.swift in Sources */,
				848099741DEE2426001EBC43 /* LegTabBarController.swift in Sources */,
				848099931DEEA2D7001EBC43 /* ActiveDetailsViewController.swift in Sources */,
				8480997D1DEE6982001EBC43 /* AboutController.swift in Sources */,
				84752E021DEA498100C388B8 /* ThirdViewController.swift in Sources */,
				84752E061DEBE44600C388B8 /* UIImageView+stuff.swift in Sources */,
				84C2211A1DE8E9DC000090C6 /* model.swift in Sources */,
			);
			runOnlyForDeploymentPostprocessing = 0;
		};
		84F369CF1DE696D000D6C0E3 /* Sources */ = {
			isa = PBXSourcesBuildPhase;
			buildActionMask = 2147483647;
			files = (
				8480997B1DEE59E5001EBC43 /* MenuController.swift in Sources */,
				84F369D81DE696D000D6C0E3 /* Congress_SearchTests.swift in Sources */,
			);
			runOnlyForDeploymentPostprocessing = 0;
		};
		84F369DA1DE696D000D6C0E3 /* Sources */ = {
			isa = PBXSourcesBuildPhase;
			buildActionMask = 2147483647;
			files = (
				84F369E31DE696D000D6C0E3 /* Congress_SearchUITests.swift in Sources */,
			);
			runOnlyForDeploymentPostprocessing = 0;
		};
/* End PBXSourcesBuildPhase section */

/* Begin PBXTargetDependency section */
		84F369D51DE696D000D6C0E3 /* PBXTargetDependency */ = {
			isa = PBXTargetDependency;
			target = 84F369BC1DE696D000D6C0E3 /* Congress Search */;
			targetProxy = 84F369D41DE696D000D6C0E3 /* PBXContainerItemProxy */;
		};
		84F369E01DE696D000D6C0E3 /* PBXTargetDependency */ = {
			isa = PBXTargetDependency;
			target = 84F369BC1DE696D000D6C0E3 /* Congress Search */;
			targetProxy = 84F369DF1DE696D000D6C0E3 /* PBXContainerItemProxy */;
		};
/* End PBXTargetDependency section */

/* Begin PBXVariantGroup section */
		84F369C61DE696D000D6C0E3 /* Main.storyboard */ = {
			isa = PBXVariantGroup;
			children = (
				84F369C71DE696D000D6C0E3 /* Base */,
			);
			name = Main.storyboard;
			sourceTree = "<group>";
		};
		84F369CB1DE696D000D6C0E3 /* LaunchScreen.storyboard */ = {
			isa = PBXVariantGroup;
			children = (
				84F369CC1DE696D000D6C0E3 /* Base */,
			);
			name = LaunchScreen.storyboard;
			sourceTree = "<group>";
		};
/* End PBXVariantGroup section */

/* Begin XCBuildConfiguration section */
		84F369E51DE696D000D6C0E3 /* Debug */ = {
			isa = XCBuildConfiguration;
			buildSettings = {
				ALWAYS_SEARCH_USER_PATHS = NO;
				CLANG_ANALYZER_NONNULL = YES;
				CLANG_CXX_LANGUAGE_STANDARD = "gnu++0x";
				CLANG_CXX_LIBRARY = "libc++";
				CLANG_ENABLE_MODULES = YES;
				CLANG_ENABLE_OBJC_ARC = YES;
				CLANG_WARN_BOOL_CONVERSION = YES;
				CLANG_WARN_CONSTANT_CONVERSION = YES;
				CLANG_WARN_DIRECT_OBJC_ISA_USAGE = YES_ERROR;
				CLANG_WARN_DOCUMENTATION_COMMENTS = YES;
				CLANG_WARN_EMPTY_BODY = YES;
				CLANG_WARN_ENUM_CONVERSION = YES;
				CLANG_WARN_INFINITE_RECURSION = YES;
				CLANG_WARN_INT_CONVERSION = YES;
				CLANG_WARN_OBJC_ROOT_CLASS = YES_ERROR;
				CLANG_WARN_SUSPICIOUS_MOVE = YES;
				CLANG_WARN_SUSPICIOUS_MOVES = YES;
				CLANG_WARN_UNREACHABLE_CODE = YES;
				CLANG_WARN__DUPLICATE_METHOD_MATCH = YES;
				"CODE_SIGN_IDENTITY[sdk=iphoneos*]" = "iPhone Developer";
				COPY_PHASE_STRIP = NO;
				DEBUG_INFORMATION_FORMAT = dwarf;
				ENABLE_STRICT_OBJC_MSGSEND = YES;
				ENABLE_TESTABILITY = YES;
				GCC_C_LANGUAGE_STANDARD = gnu99;
				GCC_DYNAMIC_NO_PIC = NO;
				GCC_NO_COMMON_BLOCKS = YES;
				GCC_OPTIMIZATION_LEVEL = 0;
				GCC_PREPROCESSOR_DEFINITIONS = (
					"DEBUG=1",
					"$(inherited)",
				);
				GCC_WARN_64_TO_32_BIT_CONVERSION = YES;
				GCC_WARN_ABOUT_RETURN_TYPE = YES_ERROR;
				GCC_WARN_UNDECLARED_SELECTOR = YES;
				GCC_WARN_UNINITIALIZED_AUTOS = YES_AGGRESSIVE;
				GCC_WARN_UNUSED_FUNCTION = YES;
				GCC_WARN_UNUSED_VARIABLE = YES;
				IPHONEOS_DEPLOYMENT_TARGET = 10.1;
				MTL_ENABLE_DEBUG_INFO = YES;
				ONLY_ACTIVE_ARCH = YES;
				SDKROOT = iphoneos;
				SWIFT_ACTIVE_COMPILATION_CONDITIONS = DEBUG;
				SWIFT_OPTIMIZATION_LEVEL = "-Onone";
			};
			name = Debug;
		};
		84F369E61DE696D000D6C0E3 /* Release */ = {
			isa = XCBuildConfiguration;
			buildSettings = {
				ALWAYS_SEARCH_USER_PATHS = NO;
				CLANG_ANALYZER_NONNULL = YES;
				CLANG_CXX_LANGUAGE_STANDARD = "gnu++0x";
				CLANG_CXX_LIBRARY = "libc++";
				CLANG_ENABLE_MODULES = YES;
				CLANG_ENABLE_OBJC_ARC = YES;
				CLANG_WARN_BOOL_CONVERSION = YES;
				CLANG_WARN_CONSTANT_CONVERSION = YES;
				CLANG_WARN_DIRECT_OBJC_ISA_USAGE = YES_ERROR;
				CLANG_WARN_DOCUMENTATION_COMMENTS = YES;
				CLANG_WARN_EMPTY_BODY = YES;
				CLANG_WARN_ENUM_CONVERSION = YES;
				CLANG_WARN_INFINITE_RECURSION = YES;
				CLANG_WARN_INT_CONVERSION = YES;
				CLANG_WARN_OBJC_ROOT_CLASS = YES_ERROR;
				CLANG_WARN_SUSPICIOUS_MOVE = YES;
				CLANG_WARN_SUSPICIOUS_MOVES = YES;
				CLANG_WARN_UNREACHABLE_CODE = YES;
				CLANG_WARN__DUPLICATE_METHOD_MATCH = YES;
				"CODE_SIGN_IDENTITY[sdk=iphoneos*]" = "iPhone Developer";
				COPY_PHASE_STRIP = NO;
				DEBUG_INFORMATION_FORMAT = "dwarf-with-dsym";
				ENABLE_NS_ASSERTIONS = NO;
				ENABLE_STRICT_OBJC_MSGSEND = YES;
				GCC_C_LANGUAGE_STANDARD = gnu99;
				GCC_NO_COMMON_BLOCKS = YES;
				GCC_WARN_64_TO_32_BIT_CONVERSION = YES;
				GCC_WARN_ABOUT_RETURN_TYPE = YES_ERROR;
				GCC_WARN_UNDECLARED_SELECTOR = YES;
				GCC_WARN_UNINITIALIZED_AUTOS = YES_AGGRESSIVE;
				GCC_WARN_UNUSED_FUNCTION = YES;
				GCC_WARN_UNUSED_VARIABLE = YES;
				IPHONEOS_DEPLOYMENT_TARGET = 10.1;
				MTL_ENABLE_DEBUG_INFO = NO;
				SDKROOT = iphoneos;
				SWIFT_OPTIMIZATION_LEVEL = "-Owholemodule";
				VALIDATE_PRODUCT = YES;
			};
			name = Release;
		};
		84F369E81DE696D000D6C0E3 /* Debug */ = {
			isa = XCBuildConfiguration;
			baseConfigurationReference = 1188C2B998DE989CB09521BF /* Pods-Congress Search.debug.xcconfig */;
			buildSettings = {
				ALWAYS_EMBED_SWIFT_STANDARD_LIBRARIES = YES;
				ASSETCATALOG_COMPILER_APPICON_NAME = AppIcon;
				INFOPLIST_FILE = "Congress Search/Info.plist";
				IPHONEOS_DEPLOYMENT_TARGET = 10.0;
				LD_RUNPATH_SEARCH_PATHS = "$(inherited) @executable_path/Frameworks";
				PRODUCT_BUNDLE_IDENTIFIER = "edu.usc.Congress-Search";
				PRODUCT_NAME = "$(TARGET_NAME)";
				SWIFT_VERSION = 3.0;
			};
			name = Debug;
		};
		84F369E91DE696D000D6C0E3 /* Release */ = {
			isa = XCBuildConfiguration;
			baseConfigurationReference = 69DAAF624A3C8818BDDEA8C0 /* Pods-Congress Search.release.xcconfig */;
			buildSettings = {
				ALWAYS_EMBED_SWIFT_STANDARD_LIBRARIES = YES;
				ASSETCATALOG_COMPILER_APPICON_NAME = AppIcon;
				INFOPLIST_FILE = "Congress Search/Info.plist";
				IPHONEOS_DEPLOYMENT_TARGET = 10.0;
				LD_RUNPATH_SEARCH_PATHS = "$(inherited) @executable_path/Frameworks";
				PRODUCT_BUNDLE_IDENTIFIER = "edu.usc.Congress-Search";
				PRODUCT_NAME = "$(TARGET_NAME)";
				SWIFT_VERSION = 3.0;
			};
			name = Release;
		};
		84F369EB1DE696D000D6C0E3 /* Debug */ = {
			isa = XCBuildConfiguration;
			baseConfigurationReference = 4056EF85D30F9966A579896D /* Pods-Congress SearchTests.debug.xcconfig */;
			buildSettings = {
				ALWAYS_EMBED_SWIFT_STANDARD_LIBRARIES = YES;
				BUNDLE_LOADER = "$(TEST_HOST)";
				INFOPLIST_FILE = "Congress SearchTests/Info.plist";
				LD_RUNPATH_SEARCH_PATHS = "$(inherited) @executable_path/Frameworks @loader_path/Frameworks";
				PRODUCT_BUNDLE_IDENTIFIER = "edu.usc.Congress-SearchTests";
				PRODUCT_NAME = "$(TARGET_NAME)";
				SWIFT_VERSION = 3.0;
				TEST_HOST = "$(BUILT_PRODUCTS_DIR)/Congress Search.app/Congress Search";
			};
			name = Debug;
		};
		84F369EC1DE696D000D6C0E3 /* Release */ = {
			isa = XCBuildConfiguration;
			baseConfigurationReference = EE086A179F621E873C5B2465 /* Pods-Congress SearchTests.release.xcconfig */;
			buildSettings = {
				ALWAYS_EMBED_SWIFT_STANDARD_LIBRARIES = YES;
				BUNDLE_LOADER = "$(TEST_HOST)";
				INFOPLIST_FILE = "Congress SearchTests/Info.plist";
				LD_RUNPATH_SEARCH_PATHS = "$(inherited) @executable_path/Frameworks @loader_path/Frameworks";
				PRODUCT_BUNDLE_IDENTIFIER = "edu.usc.Congress-SearchTests";
				PRODUCT_NAME = "$(TARGET_NAME)";
				SWIFT_VERSION = 3.0;
				TEST_HOST = "$(BUILT_PRODUCTS_DIR)/Congress Search.app/Congress Search";
			};
			name = Release;
		};
		84F369EE1DE696D000D6C0E3 /* Debug */ = {
			isa = XCBuildConfiguration;
			baseConfigurationReference = 0873739DC17DF9A15D6AB7CA /* Pods-Congress SearchUITests.debug.xcconfig */;
			buildSettings = {
				ALWAYS_EMBED_SWIFT_STANDARD_LIBRARIES = YES;
				INFOPLIST_FILE = "Congress SearchUITests/Info.plist";
				LD_RUNPATH_SEARCH_PATHS = "$(inherited) @executable_path/Frameworks @loader_path/Frameworks";
				PRODUCT_BUNDLE_IDENTIFIER = "edu.usc.Congress-SearchUITests";
				PRODUCT_NAME = "$(TARGET_NAME)";
				SWIFT_VERSION = 3.0;
				TEST_TARGET_NAME = "Congress Search";
			};
			name = Debug;
		};
		84F369EF1DE696D000D6C0E3 /* Release */ = {
			isa = XCBuildConfiguration;
			baseConfigurationReference = B8027D0466A6933E7501B377 /* Pods-Congress SearchUITests.release.xcconfig */;
			buildSettings = {
				ALWAYS_EMBED_SWIFT_STANDARD_LIBRARIES = YES;
				INFOPLIST_FILE = "Congress SearchUITests/Info.plist";
				LD_RUNPATH_SEARCH_PATHS = "$(inherited) @executable_path/Frameworks @loader_path/Frameworks";
				PRODUCT_BUNDLE_IDENTIFIER = "edu.usc.Congress-SearchUITests";
				PRODUCT_NAME = "$(TARGET_NAME)";
				SWIFT_VERSION = 3.0;
				TEST_TARGET_NAME = "Congress Search";
			};
			name = Release;
		};
/* End XCBuildConfiguration section */

/* Begin XCConfigurationList section */
		84F369B81DE696D000D6C0E3 /* Build configuration list for PBXProject "Congress Search" */ = {
			isa = XCConfigurationList;
			buildConfigurations = (
				84F369E51DE696D000D6C0E3 /* Debug */,
				84F369E61DE696D000D6C0E3 /* Release */,
			);
			defaultConfigurationIsVisible = 0;
			defaultConfigurationName = Release;
		};
		84F369E71DE696D000D6C0E3 /* Build configuration list for PBXNativeTarget "Congress Search" */ = {
			isa = XCConfigurationList;
			buildConfigurations = (
				84F369E81DE696D000D6C0E3 /* Debug */,
				84F369E91DE696D000D6C0E3 /* Release */,
			);
			defaultConfigurationIsVisible = 0;
			defaultConfigurationName = Release;
		};
		84F369EA1DE696D000D6C0E3 /* Build configuration list for PBXNativeTarget "Congress SearchTests" */ = {
			isa = XCConfigurationList;
			buildConfigurations = (
				84F369EB1DE696D000D6C0E3 /* Debug */,
				84F369EC1DE696D000D6C0E3 /* Release */,
			);
			defaultConfigurationIsVisible = 0;
			defaultConfigurationName = Release;
		};
		84F369ED1DE696D000D6C0E3 /* Build configuration list for PBXNativeTarget "Congress SearchUITests" */ = {
			isa = XCConfigurationList;
			buildConfigurations = (
				84F369EE1DE696D000D6C0E3 /* Debug */,
				84F369EF1DE696D000D6C0E3 /* Release */,
			);
			defaultConfigurationIsVisible = 0;
			defaultConfigurationName = Release;
		};
/* End XCConfigurationList section */
	};
	rootObject = 84F369B51DE696D000D6C0E3 /* Project object */;
}
